
Microsoft Visual Studio Solution File, Format Version 12.00
# Visual Studio Version 17
VisualStudioVersion = 17.5.33627.172
MinimumVisualStudioVersion = 10.0.40219.1
Project("{2150E333-8FDC-42A3-9474-1A3956D46DE8}") = "UI_Folder", "UI_Folder", "{C93BF3C7-6957-43C9-A7F0-78F060304007}"
EndProject
Project("{FAE04EC0-301F-11D3-BF4B-00C04F79EFBC}") = "DSA_Project", "DSA_Project\DSA_Project.csproj", "{EE7006AA-B83A-4EF4-9A27-ED6E0F845954}"
EndProject
Project("{FAE04EC0-301F-11D3-BF4B-00C04F79EFBC}") = "DSA1", "DSA1\DSA1.csproj", "{5B262C5D-8199-47A0-A22A-2C9DC224E7DD}"
EndProject
Global
	GlobalSection(SolutionConfigurationPlatforms) = preSolution
		Debug|Any CPU = Debug|Any CPU
		Release|Any CPU = Release|Any CPU
	EndGlobalSection
	GlobalSection(ProjectConfigurationPlatforms) = postSolution
		{EE7006AA-B83A-4EF4-9A27-ED6E0F845954}.Debug|Any CPU.ActiveCfg = Debug|Any CPU
		{EE7006AA-B83A-4EF4-9A27-ED6E0F845954}.Debug|Any CPU.Build.0 = Debug|Any CPU
		{EE7006AA-B83A-4EF4-9A27-ED6E0F845954}.Release|Any CPU.ActiveCfg = Release|Any CPU
		{EE7006AA-B83A-4EF4-9A27-ED6E0F845954}.Release|Any CPU.Build.0 = Release|Any CPU
		{5B262C5D-8199-47A0-A22A-2C9DC224E7DD}.Debug|Any CPU.ActiveCfg = Debug|Any CPU
		{5B262C5D-8199-47A0-A22A-2C9DC224E7DD}.Debug|Any CPU.Build.0 = Debug|Any CPU
		{5B262C5D-8199-47A0-A22A-2C9DC224E7DD}.Release|Any CPU.ActiveCfg = Release|Any CPU
		{5B262C5D-8199-47A0-A22A-2C9DC224E7DD}.Release|Any CPU.Build.0 = Release|Any CPU
	EndGlobalSection
	GlobalSection(SolutionProperties) = preSolution
		HideSolutionNode = FALSE
	EndGlobalSection
	GlobalSection(NestedProjects) = preSolution
		{EE7006AA-B83A-4EF4-9A27-ED6E0F845954} = {C93BF3C7-6957-43C9-A7F0-78F060304007}
		{5B262C5D-8199-47A0-A22A-2C9DC224E7DD} = {C93BF3C7-6957-43C9-A7F0-78F060304007}
	EndGlobalSection
	GlobalSection(ExtensibilityGlobals) = postSolution
		SolutionGuid = {513A0A35-B032-441B-92A3-D8E6D3784D79}
	EndGlobalSection
EndGlobal
